Microsoft Visual Studio Solution File, Format Version 12.00
# Visual Studio Version 17
VisualStudioVersion = 17.5.2.0
MinimumVisualStudioVersion = 10.0.40219.1
Project("{FAE04EC0-301F-11D3-BF4B-00C04F79EFBC}") = "pdv_updater_client", "pdv_updater_client.csproj", "{5C966619-5741-B6B5-1807-F3D227EBE247}"
EndProject
Global
	GlobalSection(SolutionConfigurationPlatforms) = preSolution
		Debug|Any CPU = Debug|Any CPU
		Release|Any CPU = Release|Any CPU
	EndGlobalSection
	GlobalSection(ProjectConfigurationPlatforms) = postSolution
		{5C966619-5741-B6B5-1807-F3D227EBE247}.Debug|Any CPU.ActiveCfg = Debug|Any CPU
		{5C966619-5741-B6B5-1807-F3D227EBE247}.Debug|Any CPU.Build.0 = Debug|Any CPU
		{5C966619-5741-B6B5-1807-F3D227EBE247}.Release|Any CPU.ActiveCfg = Release|Any CPU
		{5C966619-5741-B6B5-1807-F3D227EBE247}.Release|Any CPU.Build.0 = Release|Any CPU
	EndGlobalSection
	GlobalSection(SolutionProperties) = preSolution
		HideSolutionNode = FALSE
	EndGlobalSection
	GlobalSection(ExtensibilityGlobals) = postSolution
		SolutionGuid = {B8FD32E7-0B07-48FD-8E1D-4F9C66017EF1}
	EndGlobalSection
EndGlobal
